// !$*UTF8*$!
{
	archiveVersion = 1;
	classes = {
	};
	objectVersion = 55;
	objects = {

/* Begin PBXBuildFile section */
		2D0DF7282761EBFD001EF667 /* Favorites.xcdatamodeld in Sources */ = {isa = PBXBuildFile; fileRef = 2D0DF7262761EBFD001EF667 /* Favorites.xcdatamodeld */; };
		2D137F1F275E614500B75AC5 /* SearchResultViewController.swift in Sources */ = {isa = PBXBuildFile; fileRef = 2D137F1E275E614500B75AC5 /* SearchResultViewController.swift */; };
		2D137F23275F3B4000B75AC5 /* BreedCollectionViewCell.swift in Sources */ = {isa = PBXBuildFile; fileRef = 2D137F22275F3B4000B75AC5 /* BreedCollectionViewCell.swift */; };
		2D137F25275F3BB300B75AC5 /* BreedCollectionViewCellViewModel.swift in Sources */ = {isa = PBXBuildFile; fileRef = 2D137F24275F3BB300B75AC5 /* BreedCollectionViewCellViewModel.swift */; };
		2D137F27275F7FAA00B75AC5 /* Breedss.swift in Sources */ = {isa = PBXBuildFile; fileRef = 2D137F26275F7FAA00B75AC5 /* Breedss.swift */; };
		2D137F29275FA64D00B75AC5 /* BreedsViewController.swift in Sources */ = {isa = PBXBuildFile; fileRef = 2D137F28275FA64D00B75AC5 /* BreedsViewController.swift */; };
		2D137F2B275FA77900B75AC5 /* BreedsDetailsCollectionViewCell.swift in Sources */ = {isa = PBXBuildFile; fileRef = 2D137F2A275FA77900B75AC5 /* BreedsDetailsCollectionViewCell.swift */; };
		2D64DA91275392A200893D32 /* AppDelegate.swift in Sources */ = {isa = PBXBuildFile; fileRef = 2D64DA90275392A200893D32 /* AppDelegate.swift */; };
		2D64DA93275392A200893D32 /* SceneDelegate.swift in Sources */ = {isa = PBXBuildFile; fileRef = 2D64DA92275392A200893D32 /* SceneDelegate.swift */; };
		2D64DA95275392A200893D32 /* WelcomeViewController.swift in Sources */ = {isa = PBXBuildFile; fileRef = 2D64DA94275392A200893D32 /* WelcomeViewController.swift */; };
		2D64DA9A275392A200893D32 /* Assets.xcassets in Resources */ = {isa = PBXBuildFile; fileRef = 2D64DA99275392A200893D32 /* Assets.xcassets */; };
		2D64DA9D275392A200893D32 /* LaunchScreen.storyboard in Resources */ = {isa = PBXBuildFile; fileRef = 2D64DA9B275392A200893D32 /* LaunchScreen.storyboard */; };
		2D64DAA6275392D400893D32 /* AuthManager.swift in Sources */ = {isa = PBXBuildFile; fileRef = 2D64DAA5275392D400893D32 /* AuthManager.swift */; };
		2D64DAA82753AE5300893D32 /* APICaller.swift in Sources */ = {isa = PBXBuildFile; fileRef = 2D64DAA72753AE5300893D32 /* APICaller.swift */; };
		2D64DAAC2753CEC300893D32 /* AuthResponse.swift in Sources */ = {isa = PBXBuildFile; fileRef = 2D64DAAB2753CEC300893D32 /* AuthResponse.swift */; };
		2DFE6B652754A28D0007C3B8 /* Keys.plist in Resources */ = {isa = PBXBuildFile; fileRef = 2DFE6B642754A28D0007C3B8 /* Keys.plist */; };
		2DFE6B672754BC090007C3B8 /* TabBarViewController.swift in Sources */ = {isa = PBXBuildFile; fileRef = 2DFE6B662754BC090007C3B8 /* TabBarViewController.swift */; };
		2DFE6B692754BC340007C3B8 /* HomeViewController.swift in Sources */ = {isa = PBXBuildFile; fileRef = 2DFE6B682754BC340007C3B8 /* HomeViewController.swift */; };
		2DFE6B6B2754BC9E0007C3B8 /* SearchViewController.swift in Sources */ = {isa = PBXBuildFile; fileRef = 2DFE6B6A2754BC9E0007C3B8 /* SearchViewController.swift */; };
		2DFE6B6D2754BCC90007C3B8 /* LibraryViewController.swift in Sources */ = {isa = PBXBuildFile; fileRef = 2DFE6B6C2754BCC90007C3B8 /* LibraryViewController.swift */; };
		2DFE6B6F27554EDE0007C3B8 /* Animals.swift in Sources */ = {isa = PBXBuildFile; fileRef = 2DFE6B6E27554EDE0007C3B8 /* Animals.swift */; };
		2DFE6B722756908C0007C3B8 /* NewAnimalsCellViewModel.swift in Sources */ = {isa = PBXBuildFile; fileRef = 2DFE6B712756908C0007C3B8 /* NewAnimalsCellViewModel.swift */; };
		2DFE6B75275692690007C3B8 /* NewAnimalsCollectionViewCell.swift in Sources */ = {isa = PBXBuildFile; fileRef = 2DFE6B74275692690007C3B8 /* NewAnimalsCollectionViewCell.swift */; };
		2DFE6B782756947C0007C3B8 /* Extension.swift in Sources */ = {isa = PBXBuildFile; fileRef = 2DFE6B772756947C0007C3B8 /* Extension.swift */; };
		2DFE6B7A2758CB6A0007C3B8 /* DetailViewController.swift in Sources */ = {isa = PBXBuildFile; fileRef = 2DFE6B792758CB6A0007C3B8 /* DetailViewController.swift */; };
		2DFE6B7F2758CC990007C3B8 /* DetailCollectionReusableView.swift in Sources */ = {isa = PBXBuildFile; fileRef = 2DFE6B7E2758CC990007C3B8 /* DetailCollectionReusableView.swift */; };
		2DFE6B8127590DE10007C3B8 /* DetailsCollectionViewCellViewModel.swift in Sources */ = {isa = PBXBuildFile; fileRef = 2DFE6B8027590DE10007C3B8 /* DetailsCollectionViewCellViewModel.swift */; };
		C9E5047FD297E3AFA72C4A12 /* Pods_PetsRadar.framework in Frameworks */ = {isa = PBXBuildFile; fileRef = 3384A5467DB77B41A25BD75A /* Pods_PetsRadar.framework */; };
/* End PBXBuildFile section */

/* Begin PBXFileReference section */
		10069A75476D1A21915A5532 /* Pods-PetsRadar.debug.xcconfig */ = {isa = PBXFileReference; includeInIndex = 1; lastKnownFileType = text.xcconfig; name = "Pods-PetsRadar.debug.xcconfig"; path = "Target Support Files/Pods-PetsRadar/Pods-PetsRadar.debug.xcconfig"; sourceTree = "<group>"; };
		2D0DF7272761EBFD001EF667 /* Favorites.xcdatamodel */ = {isa = PBXFileReference; lastKnownFileType = wrapper.xcdatamodel; path = Favorites.xcdatamodel; sourceTree = "<group>"; };
		2D137F1E275E614500B75AC5 /* SearchResultViewController.swift */ = {isa = PBXFileReference; lastKnownFileType = sourcecode.swift; path = SearchResultViewController.swift; sourceTree = "<group>"; };
		2D137F22275F3B4000B75AC5 /* BreedCollectionViewCell.swift */ = {isa = PBXFileReference; lastKnownFileType = sourcecode.swift; path = BreedCollectionViewCell.swift; sourceTree = "<group>"; };
		2D137F24275F3BB300B75AC5 /* BreedCollectionViewCellViewModel.swift */ = {isa = PBXFileReference; lastKnownFileType = sourcecode.swift; path = BreedCollectionViewCellViewModel.swift; sourceTree = "<group>"; };
		2D137F26275F7FAA00B75AC5 /* Breedss.swift */ = {isa = PBXFileReference; lastKnownFileType = sourcecode.swift; path = Breedss.swift; sourceTree = "<group>"; };
		2D137F28275FA64D00B75AC5 /* BreedsViewController.swift */ = {isa = PBXFileReference; lastKnownFileType = sourcecode.swift; path = BreedsViewController.swift; sourceTree = "<group>"; };
		2D137F2A275FA77900B75AC5 /* BreedsDetailsCollectionViewCell.swift */ = {isa = PBXFileReference; lastKnownFileType = sourcecode.swift; path = BreedsDetailsCollectionViewCell.swift; sourceTree = "<group>"; };
		2D64DA8D275392A200893D32 /* PetsRadar.app */ = {isa = PBXFileReference; explicitFileType = wrapper.application; includeInIndex = 0; path = PetsRadar.app; sourceTree = BUILT_PRODUCTS_DIR; };
		2D64DA90275392A200893D32 /* AppDelegate.swift */ = {isa = PBXFileReference; lastKnownFileType = sourcecode.swift; path = AppDelegate.swift; sourceTree = "<group>"; };
		2D64DA92275392A200893D32 /* SceneDelegate.swift */ = {isa = PBXFileReference; lastKnownFileType = sourcecode.swift; path = SceneDelegate.swift; sourceTree = "<group>"; };
		2D64DA94275392A200893D32 /* WelcomeViewController.swift */ = {isa = PBXFileReference; lastKnownFileType = sourcecode.swift; path = WelcomeViewController.swift; sourceTree = "<group>"; };
		2D64DA99275392A200893D32 /* Assets.xcassets */ = {isa = PBXFileReference; lastKnownFileType = folder.assetcatalog; path = Assets.xcassets; sourceTree = "<group>"; };
		2D64DA9C275392A200893D32 /* Base */ = {isa = PBXFileReference; lastKnownFileType = file.storyboard; name = Base; path = Base.lproj/LaunchScreen.storyboard; sourceTree = "<group>"; };
		2D64DA9E275392A200893D32 /* Info.plist */ = {isa = PBXFileReference; lastKnownFileType = text.plist.xml; path = Info.plist; sourceTree = "<group>"; };
		2D64DAA5275392D400893D32 /* AuthManager.swift */ = {isa = PBXFileReference; lastKnownFileType = sourcecode.swift; path = AuthManager.swift; sourceTree = "<group>"; };
		2D64DAA72753AE5300893D32 /* APICaller.swift */ = {isa = PBXFileReference; lastKnownFileType = sourcecode.swift; path = APICaller.swift; sourceTree = "<group>"; };
		2D64DAAB2753CEC300893D32 /* AuthResponse.swift */ = {isa = PBXFileReference; lastKnownFileType = sourcecode.swift; path = AuthResponse.swift; sourceTree = "<group>"; };
		2DFE6B642754A28D0007C3B8 /* Keys.plist */ = {isa = PBXFileReference; lastKnownFileType = text.plist.xml; path = Keys.plist; sourceTree = "<group>"; };
		2DFE6B662754BC090007C3B8 /* TabBarViewController.swift */ = {isa = PBXFileReference; lastKnownFileType = sourcecode.swift; path = TabBarViewController.swift; sourceTree = "<group>"; };
		2DFE6B682754BC340007C3B8 /* HomeViewController.swift */ = {isa = PBXFileReference; lastKnownFileType = sourcecode.swift; path = HomeViewController.swift; sourceTree = "<group>"; };
		2DFE6B6A2754BC9E0007C3B8 /* SearchViewController.swift */ = {isa = PBXFileReference; lastKnownFileType = sourcecode.swift; path = SearchViewController.swift; sourceTree = "<group>"; };
		2DFE6B6C2754BCC90007C3B8 /* LibraryViewController.swift */ = {isa = PBXFileReference; lastKnownFileType = sourcecode.swift; path = LibraryViewController.swift; sourceTree = "<group>"; };
		2DFE6B6E27554EDE0007C3B8 /* Animals.swift */ = {isa = PBXFileReference; lastKnownFileType = sourcecode.swift; path = Animals.swift; sourceTree = "<group>"; };
		2DFE6B712756908C0007C3B8 /* NewAnimalsCellViewModel.swift */ = {isa = PBXFileReference; lastKnownFileType = sourcecode.swift; path = NewAnimalsCellViewModel.swift; sourceTree = "<group>"; };
		2DFE6B74275692690007C3B8 /* NewAnimalsCollectionViewCell.swift */ = {isa = PBXFileReference; lastKnownFileType = sourcecode.swift; path = NewAnimalsCollectionViewCell.swift; sourceTree = "<group>"; };
		2DFE6B772756947C0007C3B8 /* Extension.swift */ = {isa = PBXFileReference; lastKnownFileType = sourcecode.swift; path = Extension.swift; sourceTree = "<group>"; };
		2DFE6B792758CB6A0007C3B8 /* DetailViewController.swift */ = {isa = PBXFileReference; lastKnownFileType = sourcecode.swift; path = DetailViewController.swift; sourceTree = "<group>"; };
		2DFE6B7E2758CC990007C3B8 /* DetailCollectionReusableView.swift */ = {isa = PBXFileReference; lastKnownFileType = sourcecode.swift; path = DetailCollectionReusableView.swift; sourceTree = "<group>"; };
		2DFE6B8027590DE10007C3B8 /* DetailsCollectionViewCellViewModel.swift */ = {isa = PBXFileReference; lastKnownFileType = sourcecode.swift; path = DetailsCollectionViewCellViewModel.swift; sourceTree = "<group>"; };
		3384A5467DB77B41A25BD75A /* Pods_PetsRadar.framework */ = {isa = PBXFileReference; explicitFileType = wrapper.framework; includeInIndex = 0; path = Pods_PetsRadar.framework; sourceTree = BUILT_PRODUCTS_DIR; };
		80AF445F1F6A556D7D8B3A65 /* Pods-PetsRadar.release.xcconfig */ = {isa = PBXFileReference; includeInIndex = 1; lastKnownFileType = text.xcconfig; name = "Pods-PetsRadar.release.xcconfig"; path = "Target Support Files/Pods-PetsRadar/Pods-PetsRadar.release.xcconfig"; sourceTree = "<group>"; };
/* End PBXFileReference section */

/* Begin PBXFrameworksBuildPhase section */
		2D64DA8A275392A200893D32 /* Frameworks */ = {
			isa = PBXFrameworksBuildPhase;
			buildActionMask = 2147483647;
			files = (
				C9E5047FD297E3AFA72C4A12 /* Pods_PetsRadar.framework in Frameworks */,
			);
			runOnlyForDeploymentPostprocessing = 0;
		};
/* End PBXFrameworksBuildPhase section */

/* Begin PBXGroup section */
		2D137F2C27612D1700B75AC5 /* CoreData */ = {
			isa = PBXGroup;
			children = (
				2D0DF7262761EBFD001EF667 /* Favorites.xcdatamodeld */,
			);
			path = CoreData;
			sourceTree = "<group>";
		};
		2D64DA84275392A200893D32 = {
			isa = PBXGroup;
			children = (
				2D64DA8F275392A200893D32 /* PetsRadar */,
				2D64DA8E275392A200893D32 /* Products */,
				B5A4502DB3397E63370DABDF /* Pods */,
				EBE4AAF1D3029E7BA98A005C /* Frameworks */,
			);
			sourceTree = "<group>";
		};
		2D64DA8E275392A200893D32 /* Products */ = {
			isa = PBXGroup;
			children = (
				2D64DA8D275392A200893D32 /* PetsRadar.app */,
			);
			name = Products;
			sourceTree = "<group>";
		};
		2D64DA8F275392A200893D32 /* PetsRadar */ = {
			isa = PBXGroup;
			children = (
				2D137F2C27612D1700B75AC5 /* CoreData */,
				2DFE6B762756945E0007C3B8 /* Resources */,
				2DFE6B73275692490007C3B8 /* View */,
				2D64DAAA2753CE8E00893D32 /* Models */,
				2D64DAA92753B19D00893D32 /* Controllers */,
				2D64DAA4275392BE00893D32 /* Managers */,
				2D64DA90275392A200893D32 /* AppDelegate.swift */,
				2D64DA92275392A200893D32 /* SceneDelegate.swift */,
				2D64DA99275392A200893D32 /* Assets.xcassets */,
				2D64DA9B275392A200893D32 /* LaunchScreen.storyboard */,
				2D64DA9E275392A200893D32 /* Info.plist */,
				2DFE6B642754A28D0007C3B8 /* Keys.plist */,
			);
			path = PetsRadar;
			sourceTree = "<group>";
		};
		2D64DAA4275392BE00893D32 /* Managers */ = {
			isa = PBXGroup;
			children = (
				2D64DAA5275392D400893D32 /* AuthManager.swift */,
				2D64DAA72753AE5300893D32 /* APICaller.swift */,
			);
			path = Managers;
			sourceTree = "<group>";
		};
		2D64DAA92753B19D00893D32 /* Controllers */ = {
			isa = PBXGroup;
			children = (
				2D64DA94275392A200893D32 /* WelcomeViewController.swift */,
				2DFE6B662754BC090007C3B8 /* TabBarViewController.swift */,
				2DFE6B682754BC340007C3B8 /* HomeViewController.swift */,
				2DFE6B6A2754BC9E0007C3B8 /* SearchViewController.swift */,
				2D137F1E275E614500B75AC5 /* SearchResultViewController.swift */,
				2DFE6B6C2754BCC90007C3B8 /* LibraryViewController.swift */,
				2DFE6B792758CB6A0007C3B8 /* DetailViewController.swift */,
				2D137F28275FA64D00B75AC5 /* BreedsViewController.swift */,
			);
			path = Controllers;
			sourceTree = "<group>";
		};
		2D64DAAA2753CE8E00893D32 /* Models */ = {
			isa = PBXGroup;
			children = (
				2DFE6B70275690540007C3B8 /* ViewModels */,
				2D64DAAB2753CEC300893D32 /* AuthResponse.swift */,
				2DFE6B6E27554EDE0007C3B8 /* Animals.swift */,
				2D137F26275F7FAA00B75AC5 /* Breedss.swift */,
			);
			path = Models;
			sourceTree = "<group>";
		};
		2DFE6B70275690540007C3B8 /* ViewModels */ = {
			isa = PBXGroup;
			children = (
				2DFE6B712756908C0007C3B8 /* NewAnimalsCellViewModel.swift */,
				2DFE6B8027590DE10007C3B8 /* DetailsCollectionViewCellViewModel.swift */,
				2D137F24275F3BB300B75AC5 /* BreedCollectionViewCellViewModel.swift */,
			);
			path = ViewModels;
			sourceTree = "<group>";
		};
		2DFE6B73275692490007C3B8 /* View */ = {
			isa = PBXGroup;
			children = (
				2DFE6B7B2758CC060007C3B8 /* ReusableViews */,
				2DFE6B74275692690007C3B8 /* NewAnimalsCollectionViewCell.swift */,
				2D137F22275F3B4000B75AC5 /* BreedCollectionViewCell.swift */,
				2D137F2A275FA77900B75AC5 /* BreedsDetailsCollectionViewCell.swift */,
			);
			path = View;
			sourceTree = "<group>";
		};
		2DFE6B762756945E0007C3B8 /* Resources */ = {
			isa = PBXGroup;
			children = (
				2DFE6B772756947C0007C3B8 /* Extension.swift */,
			);
			path = Resources;
			sourceTree = "<group>";
		};
		2DFE6B7B2758CC060007C3B8 /* ReusableViews */ = {
			isa = PBXGroup;
			children = (
				2DFE6B7E2758CC990007C3B8 /* DetailCollectionReusableView.swift */,
			);
			path = ReusableViews;
			sourceTree = "<group>";
		};
		B5A4502DB3397E63370DABDF /* Pods */ = {
			isa = PBXGroup;
			children = (
				10069A75476D1A21915A5532 /* Pods-PetsRadar.debug.xcconfig */,
				80AF445F1F6A556D7D8B3A65 /* Pods-PetsRadar.release.xcconfig */,
			);
			path = Pods;
			sourceTree = "<group>";
		};
		EBE4AAF1D3029E7BA98A005C /* Frameworks */ = {
			isa = PBXGroup;
			children = (
				3384A5467DB77B41A25BD75A /* Pods_PetsRadar.framework */,
			);
			name = Frameworks;
			sourceTree = "<group>";
		};
/* End PBXGroup section */

/* Begin PBXNativeTarget section */
		2D64DA8C275392A200893D32 /* PetsRadar */ = {
			isa = PBXNativeTarget;
			buildConfigurationList = 2D64DAA1275392A200893D32 /* Build configuration list for PBXNativeTarget "PetsRadar" */;
			buildPhases = (
				7A968E570E7768D3FF808A38 /* [CP] Check Pods Manifest.lock */,
				2D64DA89275392A200893D32 /* Sources */,
				2D64DA8A275392A200893D32 /* Frameworks */,
				2D64DA8B275392A200893D32 /* Resources */,
				1C760F91AFB95644D7E80533 /* [CP] Embed Pods Frameworks */,
			);
			buildRules = (
			);
			dependencies = (
			);
			name = PetsRadar;
			productName = PetsRadar;
			productReference = 2D64DA8D275392A200893D32 /* PetsRadar.app */;
			productType = "com.apple.product-type.application";
		};
/* End PBXNativeTarget section */

/* Begin PBXProject section */
		2D64DA85275392A200893D32 /* Project object */ = {
			isa = PBXProject;
			attributes = {
				BuildIndependentTargetsInParallel = 1;
				LastSwiftUpdateCheck = 1310;
				LastUpgradeCheck = 1310;
				TargetAttributes = {
					2D64DA8C275392A200893D32 = {
						CreatedOnToolsVersion = 13.1;
					};
				};
			};
			buildConfigurationList = 2D64DA88275392A200893D32 /* Build configuration list for PBXProject "PetsRadar" */;
			compatibilityVersion = "Xcode 13.0";
			developmentRegion = en;
			hasScannedForEncodings = 0;
			knownRegions = (
				en,
				Base,
			);
			mainGroup = 2D64DA84275392A200893D32;
			productRefGroup = 2D64DA8E275392A200893D32 /* Products */;
			projectDirPath = "";
			projectRoot = "";
			targets = (
				2D64DA8C275392A200893D32 /* PetsRadar */,
			);
		};
/* End PBXProject section */

/* Begin PBXResourcesBuildPhase section */
		2D64DA8B275392A200893D32 /* Resources */ = {
			isa = PBXResourcesBuildPhase;
			buildActionMask = 2147483647;
			files = (
				2DFE6B652754A28D0007C3B8 /* Keys.plist in Resources */,
				2D64DA9D275392A200893D32 /* LaunchScreen.storyboard in Resources */,
				2D64DA9A275392A200893D32 /* Assets.xcassets in Resources */,
			);
			runOnlyForDeploymentPostprocessing = 0;
		};
/* End PBXResourcesBuildPhase section */

/* Begin PBXShellScriptBuildPhase section */
		1C760F91AFB95644D7E80533 /* [CP] Embed Pods Frameworks */ = {
			isa = PBXShellScriptBuildPhase;
			buildActionMask = 2147483647;
			files = (
			);
			inputFileListPaths = (
				"${PODS_ROOT}/Target Support Files/Pods-PetsRadar/Pods-PetsRadar-frameworks-${CONFIGURATION}-input-files.xcfilelist",
			);
			name = "[CP] Embed Pods Frameworks";
			outputFileListPaths = (
				"${PODS_ROOT}/Target Support Files/Pods-PetsRadar/Pods-PetsRadar-frameworks-${CONFIGURATION}-output-files.xcfilelist",
			);
			runOnlyForDeploymentPostprocessing = 0;
			shellPath = /bin/sh;
			shellScript = "\"${PODS_ROOT}/Target Support Files/Pods-PetsRadar/Pods-PetsRadar-frameworks.sh\"\n";
			showEnvVarsInLog = 0;
		};
		7A968E570E7768D3FF808A38 /* [CP] Check Pods Manifest.lock */ = {
			isa = PBXShellScriptBuildPhase;
			buildActionMask = 2147483647;
			files = (
			);
			inputFileListPaths = (
			);
			inputPaths = (
				"${PODS_PODFILE_DIR_PATH}/Podfile.lock",
				"${PODS_ROOT}/Manifest.lock",
			);
			name = "[CP] Check Pods Manifest.lock";
			outputFileListPaths = (
			);
			outputPaths = (
				"$(DERIVED_FILE_DIR)/Pods-PetsRadar-checkManifestLockResult.txt",
			);
			runOnlyForDeploymentPostprocessing = 0;
			shellPath = /bin/sh;
			shellScript = "diff \"${PODS_PODFILE_DIR_PATH}/Podfile.lock\" \"${PODS_ROOT}/Manifest.lock\" > /dev/null\nif [ $? != 0 ] ; then\n    # print error to STDERR\n    echo \"error: The sandbox is not in sync with the Podfile.lock. Run 'pod install' or update your CocoaPods installation.\" >&2\n    exit 1\nfi\n# This output is used by Xcode 'outputs' to avoid re-running this script phase.\necho \"SUCCESS\" > \"${SCRIPT_OUTPUT_FILE_0}\"\n";
			showEnvVarsInLog = 0;
		};
/* End PBXShellScriptBuildPhase section */

/* Begin PBXSourcesBuildPhase section */
		2D64DA89275392A200893D32 /* Sources */ = {
			isa = PBXSourcesBuildPhase;
			buildActionMask = 2147483647;
			files = (
				2D64DA95275392A200893D32 /* WelcomeViewController.swift in Sources */,
				2D137F29275FA64D00B75AC5 /* BreedsViewController.swift in Sources */,
				2D64DAA6275392D400893D32 /* AuthManager.swift in Sources */,
				2D137F25275F3BB300B75AC5 /* BreedCollectionViewCellViewModel.swift in Sources */,
				2D64DA91275392A200893D32 /* AppDelegate.swift in Sources */,
				2DFE6B6B2754BC9E0007C3B8 /* SearchViewController.swift in Sources */,
				2DFE6B7F2758CC990007C3B8 /* DetailCollectionReusableView.swift in Sources */,
				2DFE6B692754BC340007C3B8 /* HomeViewController.swift in Sources */,
				2D137F23275F3B4000B75AC5 /* BreedCollectionViewCell.swift in Sources */,
				2D64DAA82753AE5300893D32 /* APICaller.swift in Sources */,
				2DFE6B6D2754BCC90007C3B8 /* LibraryViewController.swift in Sources */,
				2DFE6B722756908C0007C3B8 /* NewAnimalsCellViewModel.swift in Sources */,
				2D137F2B275FA77900B75AC5 /* BreedsDetailsCollectionViewCell.swift in Sources */,
				2DFE6B672754BC090007C3B8 /* TabBarViewController.swift in Sources */,
				2DFE6B782756947C0007C3B8 /* Extension.swift in Sources */,
				2D64DAAC2753CEC300893D32 /* AuthResponse.swift in Sources */,
				2DFE6B8127590DE10007C3B8 /* DetailsCollectionViewCellViewModel.swift in Sources */,
				2DFE6B6F27554EDE0007C3B8 /* Animals.swift in Sources */,
				2DFE6B7A2758CB6A0007C3B8 /* DetailViewController.swift in Sources */,
				2D0DF7282761EBFD001EF667 /* Favorites.xcdatamodeld in Sources */,
				2D137F27275F7FAA00B75AC5 /* Breedss.swift in Sources */,
				2D64DA93275392A200893D32 /* SceneDelegate.swift in Sources */,
				2D137F1F275E614500B75AC5 /* SearchResultViewController.swift in Sources */,
				2DFE6B75275692690007C3B8 /* NewAnimalsCollectionViewCell.swift in Sources */,
			);
			runOnlyForDeploymentPostprocessing = 0;
		};
/* End PBXSourcesBuildPhase section */

/* Begin PBXVariantGroup section */
		2D64DA9B275392A200893D32 /* LaunchScreen.storyboard */ = {
			isa = PBXVariantGroup;
			children = (
				2D64DA9C275392A200893D32 /* Base */,
			);
			name = LaunchScreen.storyboard;
			sourceTree = "<group>";
		};
/* End PBXVariantGroup section */

/* Begin XCBuildConfiguration section */
		2D64DA9F275392A200893D32 /* Debug */ = {
			isa = XCBuildConfiguration;
			buildSettings = {
				ALWAYS_SEARCH_USER_PATHS = NO;
				CLANG_ANALYZER_NONNULL = YES;
				CLANG_ANALYZER_NUMBER_OBJECT_CONVERSION = YES_AGGRESSIVE;
				CLANG_CXX_LANGUAGE_STANDARD = "gnu++17";
				CLANG_CXX_LIBRARY = "libc++";
				CLANG_ENABLE_MODULES = YES;
				CLANG_ENABLE_OBJC_ARC = YES;
				CLANG_ENABLE_OBJC_WEAK = YES;
				CLANG_WARN_BLOCK_CAPTURE_AUTORELEASING = YES;
				CLANG_WARN_BOOL_CONVERSION = YES;
				CLANG_WARN_COMMA = YES;
				CLANG_WARN_CONSTANT_CONVERSION = YES;
				CLANG_WARN_DEPRECATED_OBJC_IMPLEMENTATIONS = YES;
				CLANG_WARN_DIRECT_OBJC_ISA_USAGE = YES_ERROR;
				CLANG_WARN_DOCUMENTATION_COMMENTS = YES;
				CLANG_WARN_EMPTY_BODY = YES;
				CLANG_WARN_ENUM_CONVERSION = YES;
				CLANG_WARN_INFINITE_RECURSION = YES;
				CLANG_WARN_INT_CONVERSION = YES;
				CLANG_WARN_NON_LITERAL_NULL_CONVERSION = YES;
				CLANG_WARN_OBJC_IMPLICIT_RETAIN_SELF = YES;
				CLANG_WARN_OBJC_LITERAL_CONVERSION = YES;
				CLANG_WARN_OBJC_ROOT_CLASS = YES_ERROR;
				CLANG_WARN_QUOTED_INCLUDE_IN_FRAMEWORK_HEADER = YES;
				CLANG_WARN_RANGE_LOOP_ANALYSIS = YES;
				CLANG_WARN_STRICT_PROTOTYPES = YES;
				CLANG_WARN_SUSPICIOUS_MOVE = YES;
				CLANG_WARN_UNGUARDED_AVAILABILITY = YES_AGGRESSIVE;
				CLANG_WARN_UNREACHABLE_CODE = YES;
				CLANG_WARN__DUPLICATE_METHOD_MATCH = YES;
				COPY_PHASE_STRIP = NO;
				DEBUG_INFORMATION_FORMAT = dwarf;
				ENABLE_STRICT_OBJC_MSGSEND = YES;
				ENABLE_TESTABILITY = YES;
				GCC_C_LANGUAGE_STANDARD = gnu11;
				GCC_DYNAMIC_NO_PIC = NO;
				GCC_NO_COMMON_BLOCKS = YES;
				GCC_OPTIMIZATION_LEVEL = 0;
				GCC_PREPROCESSOR_DEFINITIONS = (
					"DEBUG=1",
					"$(inherited)",
				);
				GCC_WARN_64_TO_32_BIT_CONVERSION = YES;
				GCC_WARN_ABOUT_RETURN_TYPE = YES_ERROR;
				GCC_WARN_UNDECLARED_SELECTOR = YES;
				GCC_WARN_UNINITIALIZED_AUTOS = YES_AGGRESSIVE;
				GCC_WARN_UNUSED_FUNCTION = YES;
				GCC_WARN_UNUSED_VARIABLE = YES;
				IPHONEOS_DEPLOYMENT_TARGET = 15.0;
				MTL_ENABLE_DEBUG_INFO = INCLUDE_SOURCE;
				MTL_FAST_MATH = YES;
				ONLY_ACTIVE_ARCH = YES;
				SDKROOT = iphoneos;
				SWIFT_ACTIVE_COMPILATION_CONDITIONS = DEBUG;
				SWIFT_OPTIMIZATION_LEVEL = "-Onone";
			};
			name = Debug;
		};
		2D64DAA0275392A200893D32 /* Release */ = {
			isa = XCBuildConfiguration;
			buildSettings = {
				ALWAYS_SEARCH_USER_PATHS = NO;
				CLANG_ANALYZER_NONNULL = YES;
				CLANG_ANALYZER_NUMBER_OBJECT_CONVERSION = YES_AGGRESSIVE;
				CLANG_CXX_LANGUAGE_STANDARD = "gnu++17";
				CLANG_CXX_LIBRARY = "libc++";
				CLANG_ENABLE_MODULES = YES;
				CLANG_ENABLE_OBJC_ARC = YES;
				CLANG_ENABLE_OBJC_WEAK = YES;
				CLANG_WARN_BLOCK_CAPTURE_AUTORELEASING = YES;
				CLANG_WARN_BOOL_CONVERSION = YES;
				CLANG_WARN_COMMA = YES;
				CLANG_WARN_CONSTANT_CONVERSION = YES;
				CLANG_WARN_DEPRECATED_OBJC_IMPLEMENTATIONS = YES;
				CLANG_WARN_DIRECT_OBJC_ISA_USAGE = YES_ERROR;
				CLANG_WARN_DOCUMENTATION_COMMENTS = YES;
				CLANG_WARN_EMPTY_BODY = YES;
				CLANG_WARN_ENUM_CONVERSION = YES;
				CLANG_WARN_INFINITE_RECURSION = YES;
				CLANG_WARN_INT_CONVERSION = YES;
				CLANG_WARN_NON_LITERAL_NULL_CONVERSION = YES;
				CLANG_WARN_OBJC_IMPLICIT_RETAIN_SELF = YES;
				CLANG_WARN_OBJC_LITERAL_CONVERSION = YES;
				CLANG_WARN_OBJC_ROOT_CLASS = YES_ERROR;
				CLANG_WARN_QUOTED_INCLUDE_IN_FRAMEWORK_HEADER = YES;
				CLANG_WARN_RANGE_LOOP_ANALYSIS = YES;
				CLANG_WARN_STRICT_PROTOTYPES = YES;
				CLANG_WARN_SUSPICIOUS_MOVE = YES;
				CLANG_WARN_UNGUARDED_AVAILABILITY = YES_AGGRESSIVE;
				CLANG_WARN_UNREACHABLE_CODE = YES;
				CLANG_WARN__DUPLICATE_METHOD_MATCH = YES;
				COPY_PHASE_STRIP = NO;
				DEBUG_INFORMATION_FORMAT = "dwarf-with-dsym";
				ENABLE_NS_ASSERTIONS = NO;
				ENABLE_STRICT_OBJC_MSGSEND = YES;
				GCC_C_LANGUAGE_STANDARD = gnu11;
				GCC_NO_COMMON_BLOCKS = YES;
				GCC_WARN_64_TO_32_BIT_CONVERSION = YES;
				GCC_WARN_ABOUT_RETURN_TYPE = YES_ERROR;
				GCC_WARN_UNDECLARED_SELECTOR = YES;
				GCC_WARN_UNINITIALIZED_AUTOS = YES_AGGRESSIVE;
				GCC_WARN_UNUSED_FUNCTION = YES;
				GCC_WARN_UNUSED_VARIABLE = YES;
				IPHONEOS_DEPLOYMENT_TARGET = 15.0;
				MTL_ENABLE_DEBUG_INFO = NO;
				MTL_FAST_MATH = YES;
				SDKROOT = iphoneos;
				SWIFT_COMPILATION_MODE = wholemodule;
				SWIFT_OPTIMIZATION_LEVEL = "-O";
				VALIDATE_PRODUCT = YES;
			};
			name = Release;
		};
		2D64DAA2275392A200893D32 /* Debug */ = {
			isa = XCBuildConfiguration;
			baseConfigurationReference = 10069A75476D1A21915A5532 /* Pods-PetsRadar.debug.xcconfig */;
			buildSettings = {
				ASSETCATALOG_COMPILER_APPICON_NAME = AppIcon;
				ASSETCATALOG_COMPILER_GLOBAL_ACCENT_COLOR_NAME = AccentColor;
				CODE_SIGN_STYLE = Automatic;
				CURRENT_PROJECT_VERSION = 1;
				DEVELOPMENT_TEAM = JRJDR3QJ2K;
				GENERATE_INFOPLIST_FILE = YES;
				INFOPLIST_FILE = PetsRadar/Info.plist;
				INFOPLIST_KEY_UIApplicationSupportsIndirectInputEvents = YES;
				INFOPLIST_KEY_UILaunchStoryboardName = LaunchScreen;
				INFOPLIST_KEY_UIMainStoryboardFile = LaunchScreen;
				INFOPLIST_KEY_UISupportedInterfaceOrientations = UIInterfaceOrientationPortrait;
				INFOPLIST_KEY_UISupportedInterfaceOrientations_iPad = "UIInterfaceOrientationPortrait UIInterfaceOrientationPortraitUpsideDown UIInterfaceOrientationLandscapeLeft UIInterfaceOrientationLandscapeRight";
				INFOPLIST_KEY_UISupportedInterfaceOrientations_iPhone = "UIInterfaceOrientationPortrait UIInterfaceOrientationLandscapeLeft UIInterfaceOrientationLandscapeRight";
				LD_RUNPATH_SEARCH_PATHS = (
					"$(inherited)",
					"@executable_path/Frameworks",
				);
				MARKETING_VERSION = 1.0;
				PRODUCT_BUNDLE_IDENTIFIER = miguelhoracio.PetsRadar;
				PRODUCT_NAME = "$(TARGET_NAME)";
				SWIFT_EMIT_LOC_STRINGS = YES;
				SWIFT_VERSION = 5.0;
				TARGETED_DEVICE_FAMILY = 1;
			};
			name = Debug;
		};
		2D64DAA3275392A200893D32 /* Release */ = {
			isa = XCBuildConfiguration;
			baseConfigurationReference = 80AF445F1F6A556D7D8B3A65 /* Pods-PetsRadar.release.xcconfig */;
			buildSettings = {
				ASSETCATALOG_COMPILER_APPICON_NAME = AppIcon;
				ASSETCATALOG_COMPILER_GLOBAL_ACCENT_COLOR_NAME = AccentColor;
				CODE_SIGN_STYLE = Automatic;
				CURRENT_PROJECT_VERSION = 1;
				DEVELOPMENT_TEAM = JRJDR3QJ2K;
				GENERATE_INFOPLIST_FILE = YES;
				INFOPLIST_FILE = PetsRadar/Info.plist;
				INFOPLIST_KEY_UIApplicationSupportsIndirectInputEvents = YES;
				INFOPLIST_KEY_UILaunchStoryboardName = LaunchScreen;
				INFOPLIST_KEY_UIMainStoryboardFile = LaunchScreen;
				INFOPLIST_KEY_UISupportedInterfaceOrientations = UIInterfaceOrientationPortrait;
				INFOPLIST_KEY_UISupportedInterfaceOrientations_iPad = "UIInterfaceOrientationPortrait UIInterfaceOrientationPortraitUpsideDown UIInterfaceOrientationLandscapeLeft UIInterfaceOrientationLandscapeRight";
				INFOPLIST_KEY_UISupportedInterfaceOrientations_iPhone = "UIInterfaceOrientationPortrait UIInterfaceOrientationLandscapeLeft UIInterfaceOrientationLandscapeRight";
				LD_RUNPATH_SEARCH_PATHS = (
					"$(inherited)",
					"@executable_path/Frameworks",
				);
				MARKETING_VERSION = 1.0;
				PRODUCT_BUNDLE_IDENTIFIER = miguelhoracio.PetsRadar;
				PRODUCT_NAME = "$(TARGET_NAME)";
				SWIFT_EMIT_LOC_STRINGS = YES;
				SWIFT_VERSION = 5.0;
				TARGETED_DEVICE_FAMILY = 1;
			};
			name = Release;
		};
/* End XCBuildConfiguration section */

/* Begin XCConfigurationList section */
		2D64DA88275392A200893D32 /* Build configuration list for PBXProject "PetsRadar" */ = {
			isa = XCConfigurationList;
			buildConfigurations = (
				2D64DA9F275392A200893D32 /* Debug */,
				2D64DAA0275392A200893D32 /* Release */,
			);
			defaultConfigurationIsVisible = 0;
			defaultConfigurationName = Release;
		};
		2D64DAA1275392A200893D32 /* Build configuration list for PBXNativeTarget "PetsRadar" */ = {
			isa = XCConfigurationList;
			buildConfigurations = (
				2D64DAA2275392A200893D32 /* Debug */,
				2D64DAA3275392A200893D32 /* Release */,
			);
			defaultConfigurationIsVisible = 0;
			defaultConfigurationName = Release;
		};
/* End XCConfigurationList section */

/* Begin XCVersionGroup section */
		2D0DF7262761EBFD001EF667 /* Favorites.xcdatamodeld */ = {
			isa = XCVersionGroup;
			children = (
				2D0DF7272761EBFD001EF667 /* Favorites.xcdatamodel */,
			);
			currentVersion = 2D0DF7272761EBFD001EF667 /* Favorites.xcdatamodel */;
			path = Favorites.xcdatamodeld;
			sourceTree = "<group>";
			versionGroupType = wrapper.xcdatamodel;
		};
/* End XCVersionGroup section */
	};
	rootObject = 2D64DA85275392A200893D32 /* Project object */;
}
